// !$*UTF8*$!
{
	archiveVersion = 1;
	classes = {
	};
	objectVersion = 56;
	objects = {

/* Begin PBXBuildFile section */
		8DEE648F2A98B82E0066E67E /* WebViewExampleApp.swift in Sources */ = {isa = PBXBuildFile; fileRef = 8DEE648E2A98B82E0066E67E /* WebViewExampleApp.swift */; };
		8DEE64912A98B82E0066E67E /* ContentView.swift in Sources */ = {isa = PBXBuildFile; fileRef = 8DEE64902A98B82E0066E67E /* ContentView.swift */; };
		8DEE64932A98B82F0066E67E /* Assets.xcassets in Resources */ = {isa = PBXBuildFile; fileRef = 8DEE64922A98B82F0066E67E /* Assets.xcassets */; };
		8DEE64972A98B82F0066E67E /* Preview Assets.xcassets in Resources */ = {isa = PBXBuildFile; fileRef = 8DEE64962A98B82F0066E67E /* Preview Assets.xcassets */; };
		8DEE64A12A98B82F0066E67E /* WebViewExampleTests.swift in Sources */ = {isa = PBXBuildFile; fileRef = 8DEE64A02A98B82F0066E67E /* WebViewExampleTests.swift */; };
		8DEE64BA2A98B87C0066E67E /* index.html in Resources */ = {isa = PBXBuildFile; fileRef = 8DEE64B92A98B87C0066E67E /* index.html */; };
		8DEE64BD2A98B9140066E67E /* ViewInspector in Frameworks */ = {isa = PBXBuildFile; productRef = 8DEE64BC2A98B9140066E67E /* ViewInspector */; };
/* End PBXBuildFile section */

/* Begin PBXContainerItemProxy section */
		8DEE649D2A98B82F0066E67E /* PBXContainerItemProxy */ = {
			isa = PBXContainerItemProxy;
			containerPortal = 8DEE64832A98B82E0066E67E /* Project object */;
			proxyType = 1;
			remoteGlobalIDString = 8DEE648A2A98B82E0066E67E;
			remoteInfo = WebViewExample;
		};
/* End PBXContainerItemProxy section */

/* Begin PBXFileReference section */
		8DEE648B2A98B82E0066E67E /* WebViewExample.app */ = {isa = PBXFileReference; explicitFileType = wrapper.application; includeInIndex = 0; path = WebViewExample.app; sourceTree = BUILT_PRODUCTS_DIR; };
		8DEE648E2A98B82E0066E67E /* WebViewExampleApp.swift */ = {isa = PBXFileReference; lastKnownFileType = sourcecode.swift; path = WebViewExampleApp.swift; sourceTree = "<group>"; };
		8DEE64902A98B82E0066E67E /* ContentView.swift */ = {isa = PBXFileReference; lastKnownFileType = sourcecode.swift; path = ContentView.swift; sourceTree = "<group>"; };
		8DEE64922A98B82F0066E67E /* Assets.xcassets */ = {isa = PBXFileReference; lastKnownFileType = folder.assetcatalog; path = Assets.xcassets; sourceTree = "<group>"; };
		8DEE64942A98B82F0066E67E /* WebViewExample.entitlements */ = {isa = PBXFileReference; lastKnownFileType = text.plist.entitlements; path = WebViewExample.entitlements; sourceTree = "<group>"; };
		8DEE64962A98B82F0066E67E /* Preview Assets.xcassets */ = {isa = PBXFileReference; lastKnownFileType = folder.assetcatalog; path = "Preview Assets.xcassets"; sourceTree = "<group>"; };
		8DEE649C2A98B82F0066E67E /* WebViewExampleTests.xctest */ = {isa = PBXFileReference; explicitFileType = wrapper.cfbundle; includeInIndex = 0; path = WebViewExampleTests.xctest; sourceTree = BUILT_PRODUCTS_DIR; };
		8DEE64A02A98B82F0066E67E /* WebViewExampleTests.swift */ = {isa = PBXFileReference; lastKnownFileType = sourcecode.swift; path = WebViewExampleTests.swift; sourceTree = "<group>"; };
		8DEE64B92A98B87C0066E67E /* index.html */ = {isa = PBXFileReference; fileEncoding = 4; lastKnownFileType = text.html; path = index.html; sourceTree = "<group>"; };
/* End PBXFileReference section */

/* Begin PBXFrameworksBuildPhase section */
		8DEE64882A98B82E0066E67E /* Frameworks */ = {
			isa = PBXFrameworksBuildPhase;
			buildActionMask = 2147483647;
			files = (
			);
			runOnlyForDeploymentPostprocessing = 0;
		};
		8DEE64992A98B82F0066E67E /* Frameworks */ = {
			isa = PBXFrameworksBuildPhase;
			buildActionMask = 2147483647;
			files = (
				8DEE64BD2A98B9140066E67E /* ViewInspector in Frameworks */,
			);
			runOnlyForDeploymentPostprocessing = 0;
		};
/* End PBXFrameworksBuildPhase section */

/* Begin PBXGroup section */
		8DEE64822A98B82E0066E67E = {
			isa = PBXGroup;
			children = (
				8DEE648D2A98B82E0066E67E /* WebViewExample */,
				8DEE649F2A98B82F0066E67E /* WebViewExampleTests */,
				8DEE648C2A98B82E0066E67E /* Products */,
			);
			sourceTree = "<group>";
		};
		8DEE648C2A98B82E0066E67E /* Products */ = {
			isa = PBXGroup;
			children = (
				8DEE648B2A98B82E0066E67E /* WebViewExample.app */,
				8DEE649C2A98B82F0066E67E /* WebViewExampleTests.xctest */,
			);
			name = Products;
			sourceTree = "<group>";
		};
		8DEE648D2A98B82E0066E67E /* WebViewExample */ = {
			isa = PBXGroup;
			children = (
				8DEE648E2A98B82E0066E67E /* WebViewExampleApp.swift */,
				8DEE64902A98B82E0066E67E /* ContentView.swift */,
				8DEE64B92A98B87C0066E67E /* index.html */,
				8DEE64922A98B82F0066E67E /* Assets.xcassets */,
				8DEE64942A98B82F0066E67E /* WebViewExample.entitlements */,
				8DEE64952A98B82F0066E67E /* Preview Content */,
			);
			path = WebViewExample;
			sourceTree = "<group>";
		};
		8DEE64952A98B82F0066E67E /* Preview Content */ = {
			isa = PBXGroup;
			children = (
				8DEE64962A98B82F0066E67E /* Preview Assets.xcassets */,
			);
			path = "Preview Content";
			sourceTree = "<group>";
		};
		8DEE649F2A98B82F0066E67E /* WebViewExampleTests */ = {
			isa = PBXGroup;
			children = (
				8DEE64A02A98B82F0066E67E /* WebViewExampleTests.swift */,
			);
			path = WebViewExampleTests;
			sourceTree = "<group>";
		};
/* End PBXGroup section */

/* Begin PBXNativeTarget section */
		8DEE648A2A98B82E0066E67E /* WebViewExample */ = {
			isa = PBXNativeTarget;
			buildConfigurationList = 8DEE64B02A98B82F0066E67E /* Build configuration list for PBXNativeTarget "WebViewExample" */;
			buildPhases = (
				8DEE64872A98B82E0066E67E /* Sources */,
				8DEE64882A98B82E0066E67E /* Frameworks */,
				8DEE64892A98B82E0066E67E /* Resources */,
			);
			buildRules = (
			);
			dependencies = (
			);
			name = WebViewExample;
			productName = WebViewExample;
			productReference = 8DEE648B2A98B82E0066E67E /* WebViewExample.app */;
			productType = "com.apple.product-type.application";
		};
		8DEE649B2A98B82F0066E67E /* WebViewExampleTests */ = {
			isa = PBXNativeTarget;
			buildConfigurationList = 8DEE64B32A98B82F0066E67E /* Build configuration list for PBXNativeTarget "WebViewExampleTests" */;
			buildPhases = (
				8DEE64982A98B82F0066E67E /* Sources */,
				8DEE64992A98B82F0066E67E /* Frameworks */,
				8DEE649A2A98B82F0066E67E /* Resources */,
			);
			buildRules = (
			);
			dependencies = (
				8DEE649E2A98B82F0066E67E /* PBXTargetDependency */,
			);
			name = WebViewExampleTests;
			packageProductDependencies = (
				8DEE64BC2A98B9140066E67E /* ViewInspector */,
			);
			productName = WebViewExampleTests;
			productReference = 8DEE649C2A98B82F0066E67E /* WebViewExampleTests.xctest */;
			productType = "com.apple.product-type.bundle.unit-test";
		};
/* End PBXNativeTarget section */

/* Begin PBXProject section */
		8DEE64832A98B82E0066E67E /* Project object */ = {
			isa = PBXProject;
			attributes = {
				BuildIndependentTargetsInParallel = 1;
				LastSwiftUpdateCheck = 1430;
				LastUpgradeCheck = 1430;
				TargetAttributes = {
					8DEE648A2A98B82E0066E67E = {
						CreatedOnToolsVersion = 14.3.1;
					};
					8DEE649B2A98B82F0066E67E = {
						CreatedOnToolsVersion = 14.3.1;
						TestTargetID = 8DEE648A2A98B82E0066E67E;
					};
				};
			};
			buildConfigurationList = 8DEE64862A98B82E0066E67E /* Build configuration list for PBXProject "WebViewExample" */;
			compatibilityVersion = "Xcode 14.0";
			developmentRegion = en;
			hasScannedForEncodings = 0;
			knownRegions = (
				en,
				Base,
			);
			mainGroup = 8DEE64822A98B82E0066E67E;
			packageReferences = (
				8DEE64BB2A98B9140066E67E /* XCRemoteSwiftPackageReference "ViewInspector" */,
			);
			productRefGroup = 8DEE648C2A98B82E0066E67E /* Products */;
			projectDirPath = "";
			projectRoot = "";
			targets = (
				8DEE648A2A98B82E0066E67E /* WebViewExample */,
				8DEE649B2A98B82F0066E67E /* WebViewExampleTests */,
			);
		};
/* End PBXProject section */

/* Begin PBXResourcesBuildPhase section */
		8DEE64892A98B82E0066E67E /* Resources */ = {
			isa = PBXResourcesBuildPhase;
			buildActionMask = 2147483647;
			files = (
				8DEE64BA2A98B87C0066E67E /* index.html in Resources */,
				8DEE64972A98B82F0066E67E /* Preview Assets.xcassets in Resources */,
				8DEE64932A98B82F0066E67E /* Assets.xcassets in Resources */,
			);
			runOnlyForDeploymentPostprocessing = 0;
		};
		8DEE649A2A98B82F0066E67E /* Resources */ = {
			isa = PBXResourcesBuildPhase;
			buildActionMask = 2147483647;
			files = (
			);
			runOnlyForDeploymentPostprocessing = 0;
		};
/* End PBXResourcesBuildPhase section */

/* Begin PBXSourcesBuildPhase section */
		8DEE64872A98B82E0066E67E /* Sources */ = {
			isa = PBXSourcesBuildPhase;
			buildActionMask = 2147483647;
			files = (
				8DEE64912A98B82E0066E67E /* ContentView.swift in Sources */,
				8DEE648F2A98B82E0066E67E /* WebViewExampleApp.swift in Sources */,
			);
			runOnlyForDeploymentPostprocessing = 0;
		};
		8DEE64982A98B82F0066E67E /* Sources */ = {
			isa = PBXSourcesBuildPhase;
			buildActionMask = 2147483647;
			files = (
				8DEE64A12A98B82F0066E67E /* WebViewExampleTests.swift in Sources */,
			);
			runOnlyForDeploymentPostprocessing = 0;
		};
/* End PBXSourcesBuildPhase section */

/* Begin PBXTargetDependency section */
		8DEE649E2A98B82F0066E67E /* PBXTargetDependency */ = {
			isa = PBXTargetDependency;
			target = 8DEE648A2A98B82E0066E67E /* WebViewExample */;
			targetProxy = 8DEE649D2A98B82F0066E67E /* PBXContainerItemProxy */;
		};
/* End PBXTargetDependency section */

/* Begin XCBuildConfiguration section */
		8DEE64AE2A98B82F0066E67E /* Debug */ = {
			isa = XCBuildConfiguration;
			buildSettings = {
				ALWAYS_SEARCH_USER_PATHS = NO;
				CLANG_ANALYZER_NONNULL = YES;
				CLANG_ANALYZER_NUMBER_OBJECT_CONVERSION = YES_AGGRESSIVE;
				CLANG_CXX_LANGUAGE_STANDARD = "gnu++20";
				CLANG_ENABLE_MODULES = YES;
				CLANG_ENABLE_OBJC_ARC = YES;
				CLANG_ENABLE_OBJC_WEAK = YES;
				CLANG_WARN_BLOCK_CAPTURE_AUTORELEASING = YES;
				CLANG_WARN_BOOL_CONVERSION = YES;
				CLANG_WARN_COMMA = YES;
				CLANG_WARN_CONSTANT_CONVERSION = YES;
				CLANG_WARN_DEPRECATED_OBJC_IMPLEMENTATIONS = YES;
				CLANG_WARN_DIRECT_OBJC_ISA_USAGE = YES_ERROR;
				CLANG_WARN_DOCUMENTATION_COMMENTS = YES;
				CLANG_WARN_EMPTY_BODY = YES;
				CLANG_WARN_ENUM_CONVERSION = YES;
				CLANG_WARN_INFINITE_RECURSION = YES;
				CLANG_WARN_INT_CONVERSION = YES;
				CLANG_WARN_NON_LITERAL_NULL_CONVERSION = YES;
				CLANG_WARN_OBJC_IMPLICIT_RETAIN_SELF = YES;
				CLANG_WARN_OBJC_LITERAL_CONVERSION = YES;
				CLANG_WARN_OBJC_ROOT_CLASS = YES_ERROR;
				CLANG_WARN_QUOTED_INCLUDE_IN_FRAMEWORK_HEADER = YES;
				CLANG_WARN_RANGE_LOOP_ANALYSIS = YES;
				CLANG_WARN_STRICT_PROTOTYPES = YES;
				CLANG_WARN_SUSPICIOUS_MOVE = YES;
				CLANG_WARN_UNGUARDED_AVAILABILITY = YES_AGGRESSIVE;
				CLANG_WARN_UNREACHABLE_CODE = YES;
				CLANG_WARN__DUPLICATE_METHOD_MATCH = YES;
				COPY_PHASE_STRIP = NO;
				DEBUG_INFORMATION_FORMAT = dwarf;
				ENABLE_STRICT_OBJC_MSGSEND = YES;
				ENABLE_TESTABILITY = YES;
				GCC_C_LANGUAGE_STANDARD = gnu11;
				GCC_DYNAMIC_NO_PIC = NO;
				GCC_NO_COMMON_BLOCKS = YES;
				GCC_OPTIMIZATION_LEVEL = 0;
				GCC_PREPROCESSOR_DEFINITIONS = (
					"DEBUG=1",
					"$(inherited)",
				);
				GCC_WARN_64_TO_32_BIT_CONVERSION = YES;
				GCC_WARN_ABOUT_RETURN_TYPE = YES_ERROR;
				GCC_WARN_UNDECLARED_SELECTOR = YES;
				GCC_WARN_UNINITIALIZED_AUTOS = YES_AGGRESSIVE;
				GCC_WARN_UNUSED_FUNCTION = YES;
				GCC_WARN_UNUSED_VARIABLE = YES;
				MTL_ENABLE_DEBUG_INFO = INCLUDE_SOURCE;
				MTL_FAST_MATH = YES;
				ONLY_ACTIVE_ARCH = YES;
				SWIFT_ACTIVE_COMPILATION_CONDITIONS = DEBUG;
				SWIFT_OPTIMIZATION_LEVEL = "-Onone";
			};
			name = Debug;
		};
		8DEE64AF2A98B82F0066E67E /* Release */ = {
			isa = XCBuildConfiguration;
			buildSettings = {
				ALWAYS_SEARCH_USER_PATHS = NO;
				CLANG_ANALYZER_NONNULL = YES;
				CLANG_ANALYZER_NUMBER_OBJECT_CONVERSION = YES_AGGRESSIVE;
				CLANG_CXX_LANGUAGE_STANDARD = "gnu++20";
				CLANG_ENABLE_MODULES = YES;
				CLANG_ENABLE_OBJC_ARC = YES;
				CLANG_ENABLE_OBJC_WEAK = YES;
				CLANG_WARN_BLOCK_CAPTURE_AUTORELEASING = YES;
				CLANG_WARN_BOOL_CONVERSION = YES;
				CLANG_WARN_COMMA = YES;
				CLANG_WARN_CONSTANT_CONVERSION = YES;
				CLANG_WARN_DEPRECATED_OBJC_IMPLEMENTATIONS = YES;
				CLANG_WARN_DIRECT_OBJC_ISA_USAGE = YES_ERROR;
				CLANG_WARN_DOCUMENTATION_COMMENTS = YES;
				CLANG_WARN_EMPTY_BODY = YES;
				CLANG_WARN_ENUM_CONVERSION = YES;
				CLANG_WARN_INFINITE_RECURSION = YES;
				CLANG_WARN_INT_CONVERSION = YES;
				CLANG_WARN_NON_LITERAL_NULL_CONVERSION = YES;
				CLANG_WARN_OBJC_IMPLICIT_RETAIN_SELF = YES;
				CLANG_WARN_OBJC_LITERAL_CONVERSION = YES;
				CLANG_WARN_OBJC_ROOT_CLASS = YES_ERROR;
				CLANG_WARN_QUOTED_INCLUDE_IN_FRAMEWORK_HEADER = YES;
				CLANG_WARN_RANGE_LOOP_ANALYSIS = YES;
				CLANG_WARN_STRICT_PROTOTYPES = YES;
				CLANG_WARN_SUSPICIOUS_MOVE = YES;
				CLANG_WARN_UNGUARDED_AVAILABILITY = YES_AGGRESSIVE;
				CLANG_WARN_UNREACHABLE_CODE = YES;
				CLANG_WARN__DUPLICATE_METHOD_MATCH = YES;
				COPY_PHASE_STRIP = NO;
				DEBUG_INFORMATION_FORMAT = "dwarf-with-dsym";
				ENABLE_NS_ASSERTIONS = NO;
				ENABLE_STRICT_OBJC_MSGSEND = YES;
				GCC_C_LANGUAGE_STANDARD = gnu11;
				GCC_NO_COMMON_BLOCKS = YES;
				GCC_WARN_64_TO_32_BIT_CONVERSION = YES;
				GCC_WARN_ABOUT_RETURN_TYPE = YES_ERROR;
				GCC_WARN_UNDECLARED_SELECTOR = YES;
				GCC_WARN_UNINITIALIZED_AUTOS = YES_AGGRESSIVE;
				GCC_WARN_UNUSED_FUNCTION = YES;
				GCC_WARN_UNUSED_VARIABLE = YES;
				MTL_ENABLE_DEBUG_INFO = NO;
				MTL_FAST_MATH = YES;
				SWIFT_COMPILATION_MODE = wholemodule;
				SWIFT_OPTIMIZATION_LEVEL = "-O";
			};
			name = Release;
		};
		8DEE64B12A98B82F0066E67E /* Debug */ = {
			isa = XCBuildConfiguration;
			buildSettings = {
				ASSETCATALOG_COMPILER_APPICON_NAME = AppIcon;
				ASSETCATALOG_COMPILER_GLOBAL_ACCENT_COLOR_NAME = AccentColor;
				CODE_SIGN_ENTITLEMENTS = WebViewExample/WebViewExample.entitlements;
				CODE_SIGN_STYLE = Automatic;
				CURRENT_PROJECT_VERSION = 1;
				DEVELOPMENT_ASSET_PATHS = "\"WebViewExample/Preview Content\"";
				DEVELOPMENT_TEAM = ZZ6N6FNHQT;
				ENABLE_HARDENED_RUNTIME = YES;
				ENABLE_PREVIEWS = YES;
				GENERATE_INFOPLIST_FILE = YES;
				"INFOPLIST_KEY_UIApplicationSceneManifest_Generation[sdk=iphoneos*]" = YES;
				"INFOPLIST_KEY_UIApplicationSceneManifest_Generation[sdk=iphonesimulator*]" = YES;
				"INFOPLIST_KEY_UIApplicationSupportsIndirectInputEvents[sdk=iphoneos*]" = YES;
				"INFOPLIST_KEY_UIApplicationSupportsIndirectInputEvents[sdk=iphonesimulator*]" = YES;
				"INFOPLIST_KEY_UILaunchScreen_Generation[sdk=iphoneos*]" = YES;
				"INFOPLIST_KEY_UILaunchScreen_Generation[sdk=iphonesimulator*]" = YES;
				"INFOPLIST_KEY_UIStatusBarStyle[sdk=iphoneos*]" = UIStatusBarStyleDefault;
				"INFOPLIST_KEY_UIStatusBarStyle[sdk=iphonesimulator*]" = UIStatusBarStyleDefault;
				INFOPLIST_KEY_UISupportedInterfaceOrientations_iPad = "UIInterfaceOrientationPortrait UIInterfaceOrientationPortraitUpsideDown UIInterfaceOrientationLandscapeLeft UIInterfaceOrientationLandscapeRight";
				INFOPLIST_KEY_UISupportedInterfaceOrientations_iPhone = "UIInterfaceOrientationPortrait UIInterfaceOrientationLandscapeLeft UIInterfaceOrientationLandscapeRight";
				IPHONEOS_DEPLOYMENT_TARGET = 16.4;
				LD_RUNPATH_SEARCH_PATHS = "@executable_path/Frameworks";
				"LD_RUNPATH_SEARCH_PATHS[sdk=macosx*]" = "@executable_path/../Frameworks";
				MACOSX_DEPLOYMENT_TARGET = 13.3;
				MARKETING_VERSION = 1.0;
				PRODUCT_BUNDLE_IDENTIFIER = jp.co.infocom.tpo.WebViewExample;
				PRODUCT_NAME = "$(TARGET_NAME)";
				SDKROOT = auto;
				SUPPORTED_PLATFORMS = "iphoneos iphonesimulator macosx";
				SWIFT_EMIT_LOC_STRINGS = YES;
				SWIFT_VERSION = 5.0;
				TARGETED_DEVICE_FAMILY = "1,2";
			};
			name = Debug;
		};
		8DEE64B22A98B82F0066E67E /* Release */ = {
			isa = XCBuildConfiguration;
			buildSettings = {
				ASSETCATALOG_COMPILER_APPICON_NAME = AppIcon;
				ASSETCATALOG_COMPILER_GLOBAL_ACCENT_COLOR_NAME = AccentColor;
				CODE_SIGN_ENTITLEMENTS = WebViewExample/WebViewExample.entitlements;
				CODE_SIGN_STYLE = Automatic;
				CURRENT_PROJECT_VERSION = 1;
				DEVELOPMENT_ASSET_PATHS = "\"WebViewExample/Preview Content\"";
				DEVELOPMENT_TEAM = ZZ6N6FNHQT;
				ENABLE_HARDENED_RUNTIME = YES;
				ENABLE_PREVIEWS = YES;
				GENERATE_INFOPLIST_FILE = YES;
				"INFOPLIST_KEY_UIApplicationSceneManifest_Generation[sdk=iphoneos*]" = YES;
				"INFOPLIST_KEY_UIApplicationSceneManifest_Generation[sdk=iphonesimulator*]" = YES;
				"INFOPLIST_KEY_UIApplicationSupportsIndirectInputEvents[sdk=iphoneos*]" = YES;
				"INFOPLIST_KEY_UIApplicationSupportsIndirectInputEvents[sdk=iphonesimulator*]" = YES;
				"INFOPLIST_KEY_UILaunchScreen_Generation[sdk=iphoneos*]" = YES;
				"INFOPLIST_KEY_UILaunchScreen_Generation[sdk=iphonesimulator*]" = YES;
				"INFOPLIST_KEY_UIStatusBarStyle[sdk=iphoneos*]" = UIStatusBarStyleDefault;
				"INFOPLIST_KEY_UIStatusBarStyle[sdk=iphonesimulator*]" = UIStatusBarStyleDefault;
				INFOPLIST_KEY_UISupportedInterfaceOrientations_iPad = "UIInterfaceOrientationPortrait UIInterfaceOrientationPortraitUpsideDown UIInterfaceOrientationLandscapeLeft UIInterfaceOrientationLandscapeRight";
				INFOPLIST_KEY_UISupportedInterfaceOrientations_iPhone = "UIInterfaceOrientationPortrait UIInterfaceOrientationLandscapeLeft UIInterfaceOrientationLandscapeRight";
				IPHONEOS_DEPLOYMENT_TARGET = 16.4;
				LD_RUNPATH_SEARCH_PATHS = "@executable_path/Frameworks";
				"LD_RUNPATH_SEARCH_PATHS[sdk=macosx*]" = "@executable_path/../Frameworks";
				MACOSX_DEPLOYMENT_TARGET = 13.3;
				MARKETING_VERSION = 1.0;
				PRODUCT_BUNDLE_IDENTIFIER = jp.co.infocom.tpo.WebViewExample;
				PRODUCT_NAME = "$(TARGET_NAME)";
				SDKROOT = auto;
				SUPPORTED_PLATFORMS = "iphoneos iphonesimulator macosx";
				SWIFT_EMIT_LOC_STRINGS = YES;
				SWIFT_VERSION = 5.0;
				TARGETED_DEVICE_FAMILY = "1,2";
			};
			name = Release;
		};
		8DEE64B42A98B82F0066E67E /* Debug */ = {
			isa = XCBuildConfiguration;
			buildSettings = {
				ALWAYS_EMBED_SWIFT_STANDARD_LIBRARIES = YES;
				BUNDLE_LOADER = "$(TEST_HOST)";
				CODE_SIGN_STYLE = Automatic;
				CURRENT_PROJECT_VERSION = 1;
				DEVELOPMENT_TEAM = ZZ6N6FNHQT;
				GENERATE_INFOPLIST_FILE = YES;
				IPHONEOS_DEPLOYMENT_TARGET = 16.4;
				MACOSX_DEPLOYMENT_TARGET = 13.3;
				MARKETING_VERSION = 1.0;
				PRODUCT_BUNDLE_IDENTIFIER = jp.co.infocom.tpo.WebViewExampleTests;
				PRODUCT_NAME = "$(TARGET_NAME)";
				SDKROOT = auto;
				SUPPORTED_PLATFORMS = "iphoneos iphonesimulator macosx";
				SWIFT_EMIT_LOC_STRINGS = NO;
				SWIFT_VERSION = 5.0;
				TARGETED_DEVICE_FAMILY = "1,2";
				TEST_HOST = "$(BUILT_PRODUCTS_DIR)/WebViewExample.app/$(BUNDLE_EXECUTABLE_FOLDER_PATH)/WebViewExample";
			};
			name = Debug;
		};
		8DEE64B52A98B82F0066E67E /* Release */ = {
			isa = XCBuildConfiguration;
			buildSettings = {
				ALWAYS_EMBED_SWIFT_STANDARD_LIBRARIES = YES;
				BUNDLE_LOADER = "$(TEST_HOST)";
				CODE_SIGN_STYLE = Automatic;
				CURRENT_PROJECT_VERSION = 1;
				DEVELOPMENT_TEAM = ZZ6N6FNHQT;
				GENERATE_INFOPLIST_FILE = YES;
				IPHONEOS_DEPLOYMENT_TARGET = 16.4;
				MACOSX_DEPLOYMENT_TARGET = 13.3;
				MARKETING_VERSION = 1.0;
				PRODUCT_BUNDLE_IDENTIFIER = jp.co.infocom.tpo.WebViewExampleTests;
				PRODUCT_NAME = "$(TARGET_NAME)";
				SDKROOT = auto;
				SUPPORTED_PLATFORMS = "iphoneos iphonesimulator macosx";
				SWIFT_EMIT_LOC_STRINGS = NO;
				SWIFT_VERSION = 5.0;
				TARGETED_DEVICE_FAMILY = "1,2";
				TEST_HOST = "$(BUILT_PRODUCTS_DIR)/WebViewExample.app/$(BUNDLE_EXECUTABLE_FOLDER_PATH)/WebViewExample";
			};
			name = Release;
		};
/* End XCBuildConfiguration section */

/* Begin XCConfigurationList section */
		8DEE64862A98B82E0066E67E /* Build configuration list for PBXProject "WebViewExample" */ = {
			isa = XCConfigurationList;
			buildConfigurations = (
				8DEE64AE2A98B82F0066E67E /* Debug */,
				8DEE64AF2A98B82F0066E67E /* Release */,
			);
			defaultConfigurationIsVisible = 0;
			defaultConfigurationName = Release;
		};
		8DEE64B02A98B82F0066E67E /* Build configuration list for PBXNativeTarget "WebViewExample" */ = {
			isa = XCConfigurationList;
			buildConfigurations = (
				8DEE64B12A98B82F0066E67E /* Debug */,
				8DEE64B22A98B82F0066E67E /* Release */,
			);
			defaultConfigurationIsVisible = 0;
			defaultConfigurationName = Release;
		};
		8DEE64B32A98B82F0066E67E /* Build configuration list for PBXNativeTarget "WebViewExampleTests" */ = {
			isa = XCConfigurationList;
			buildConfigurations = (
				8DEE64B42A98B82F0066E67E /* Debug */,
				8DEE64B52A98B82F0066E67E /* Release */,
			);
			defaultConfigurationIsVisible = 0;
			defaultConfigurationName = Release;
		};
/* End XCConfigurationList section */

/* Begin XCRemoteSwiftPackageReference section */
		8DEE64BB2A98B9140066E67E /* XCRemoteSwiftPackageReference "ViewInspector" */ = {
			isa = XCRemoteSwiftPackageReference;
			repositoryURL = "https://github.com/nalexn/ViewInspector.git";
			requirement = {
				kind = upToNextMajorVersion;
				minimumVersion = 0.9.7;
			};
		};
/* End XCRemoteSwiftPackageReference section */

/* Begin XCSwiftPackageProductDependency section */
		8DEE64BC2A98B9140066E67E /* ViewInspector */ = {
			isa = XCSwiftPackageProductDependency;
			package = 8DEE64BB2A98B9140066E67E /* XCRemoteSwiftPackageReference "ViewInspector" */;
			productName = ViewInspector;
		};
/* End XCSwiftPackageProductDependency section */
	};
	rootObject = 8DEE64832A98B82E0066E67E /* Project object */;
}
